
Microsoft Visual Studio Solution File, Format Version 12.00
# Visual Studio Version 16
VisualStudioVersion = 16.0.30114.105
MinimumVisualStudioVersion = 10.0.40219.1
Project("{FAE04EC0-301F-11D3-BF4B-00C04F79EFBC}") = "DumbChatbotCLI", "DumbChatbotCLI\DumbChatbotCLI.csproj", "{57787544-44FB-4563-BB87-1A5A3336B663}"
EndProject
Project("{FAE04EC0-301F-11D3-BF4B-00C04F79EFBC}") = "DumbChatbotLib", "DumbChatbotLib\DumbChatbotLib.csproj", "{BAF93CB9-C9EB-4477-B48A-D5F44DCC0081}"
EndProject
Global
	GlobalSection(SolutionConfigurationPlatforms) = preSolution
		Debug|Any CPU = Debug|Any CPU
		Debug|x64 = Debug|x64
		Debug|x86 = Debug|x86
		Release|Any CPU = Release|Any CPU
		Release|x64 = Release|x64
		Release|x86 = Release|x86
	EndGlobalSection
	GlobalSection(SolutionProperties) = preSolution
		HideSolutionNode = FALSE
	EndGlobalSection
	GlobalSection(ProjectConfigurationPlatforms) = postSolution
		{57787544-44FB-4563-BB87-1A5A3336B663}.Debug|Any CPU.ActiveCfg = Debug|Any CPU
		{57787544-44FB-4563-BB87-1A5A3336B663}.Debug|Any CPU.Build.0 = Debug|Any CPU
		{57787544-44FB-4563-BB87-1A5A3336B663}.Debug|x64.ActiveCfg = Debug|Any CPU
		{57787544-44FB-4563-BB87-1A5A3336B663}.Debug|x64.Build.0 = Debug|Any CPU
		{57787544-44FB-4563-BB87-1A5A3336B663}.Debug|x86.ActiveCfg = Debug|Any CPU
		{57787544-44FB-4563-BB87-1A5A3336B663}.Debug|x86.Build.0 = Debug|Any CPU
		{57787544-44FB-4563-BB87-1A5A3336B663}.Release|Any CPU.ActiveCfg = Release|Any CPU
		{57787544-44FB-4563-BB87-1A5A3336B663}.Release|Any CPU.Build.0 = Release|Any CPU
		{57787544-44FB-4563-BB87-1A5A3336B663}.Release|x64.ActiveCfg = Release|Any CPU
		{57787544-44FB-4563-BB87-1A5A3336B663}.Release|x64.Build.0 = Release|Any CPU
		{57787544-44FB-4563-BB87-1A5A3336B663}.Release|x86.ActiveCfg = Release|Any CPU
		{57787544-44FB-4563-BB87-1A5A3336B663}.Release|x86.Build.0 = Release|Any CPU
		{BAF93CB9-C9EB-4477-B48A-D5F44DCC0081}.Debug|Any CPU.ActiveCfg = Debug|Any CPU
		{BAF93CB9-C9EB-4477-B48A-D5F44DCC0081}.Debug|Any CPU.Build.0 = Debug|Any CPU
		{BAF93CB9-C9EB-4477-B48A-D5F44DCC0081}.Debug|x64.ActiveCfg = Debug|Any CPU
		{BAF93CB9-C9EB-4477-B48A-D5F44DCC0081}.Debug|x64.Build.0 = Debug|Any CPU
		{BAF93CB9-C9EB-4477-B48A-D5F44DCC0081}.Debug|x86.ActiveCfg = Debug|Any CPU
		{BAF93CB9-C9EB-4477-B48A-D5F44DCC0081}.Debug|x86.Build.0 = Debug|Any CPU
		{BAF93CB9-C9EB-4477-B48A-D5F44DCC0081}.Release|Any CPU.ActiveCfg = Release|Any CPU
		{BAF93CB9-C9EB-4477-B48A-D5F44DCC0081}.Release|Any CPU.Build.0 = Release|Any CPU
		{BAF93CB9-C9EB-4477-B48A-D5F44DCC0081}.Release|x64.ActiveCfg = Release|Any CPU
		{BAF93CB9-C9EB-4477-B48A-D5F44DCC0081}.Release|x64.Build.0 = Release|Any CPU
		{BAF93CB9-C9EB-4477-B48A-D5F44DCC0081}.Release|x86.ActiveCfg = Release|Any CPU
		{BAF93CB9-C9EB-4477-B48A-D5F44DCC0081}.Release|x86.Build.0 = Release|Any CPU
	EndGlobalSection
EndGlobal
